# This file is automatically @generated by Poetry 1.8.3 and should not be changed by hand.

[[package]]
name = "pigpio"
version = "1.78"
description = "Raspberry Pi GPIO module"
optional = false
python-versions = "*"
files = [
    {file = "pigpio-1.78-py2.py3-none-any.whl", hash = "sha256:81e46f640c4e6342881fa9bbe290dbcd4fc179619dc6591e57a9d4a084dc49fa"},
    {file = "pigpio-1.78.tar.gz", hash = "sha256:91efa50e4990649da97408a384782d6ccf58342fc59cdfe21ed7a42911569975"},
]

[[package]]
name = "pyaudio"
version = "0.2.14"
description = "Cross-platform audio I/O with PortAudio"
optional = false
python-versions = "*"
files = [
    {file = "PyAudio-0.2.14-cp310-cp310-win32.whl", hash = "sha256:126065b5e82a1c03ba16e7c0404d8f54e17368836e7d2d92427358ad44fefe61"},
    {file = "PyAudio-0.2.14-cp310-cp310-win_amd64.whl", hash = "sha256:2a166fc88d435a2779810dd2678354adc33499e9d4d7f937f28b20cc55893e83"},
    {file = "PyAudio-0.2.14-cp311-cp311-win32.whl", hash = "sha256:506b32a595f8693811682ab4b127602d404df7dfc453b499c91a80d0f7bad289"},
    {file = "PyAudio-0.2.14-cp311-cp311-win_amd64.whl", hash = "sha256:bbeb01d36a2f472ae5ee5e1451cacc42112986abe622f735bb870a5db77cf903"},
    {file = "PyAudio-0.2.14-cp312-cp312-win32.whl", hash = "sha256:5fce4bcdd2e0e8c063d835dbe2860dac46437506af509353c7f8114d4bacbd5b"},
    {file = "PyAudio-0.2.14-cp312-cp312-win_amd64.whl", hash = "sha256:12f2f1ba04e06ff95d80700a78967897a489c05e093e3bffa05a84ed9c0a7fa3"},
    {file = "PyAudio-0.2.14-cp38-cp38-win32.whl", hash = "sha256:858caf35b05c26d8fc62f1efa2e8f53d5fa1a01164842bd622f70ddc41f55000"},
    {file = "PyAudio-0.2.14-cp38-cp38-win_amd64.whl", hash = "sha256:2dac0d6d675fe7e181ba88f2de88d321059b69abd52e3f4934a8878e03a7a074"},
    {file = "PyAudio-0.2.14-cp39-cp39-win32.whl", hash = "sha256:f745109634a7c19fa4d6b8b7d6967c3123d988c9ade0cd35d4295ee1acdb53e9"},
    {file = "PyAudio-0.2.14-cp39-cp39-win_amd64.whl", hash = "sha256:009f357ee5aa6bc8eb19d69921cd30e98c42cddd34210615d592a71d09c4bd57"},
    {file = "PyAudio-0.2.14.tar.gz", hash = "sha256:78dfff3879b4994d1f4fc6485646a57755c6ee3c19647a491f790a0895bd2f87"},
]

[package.extras]
test = ["numpy"]

[[package]]
name = "pyserial"
version = "3.5"
description = "Python Serial Port Extension"
optional = false
python-versions = "*"
files = [
    {file = "pyserial-3.5-py2.py3-none-any.whl", hash = "sha256:c4451db6ba391ca6ca299fb3ec7bae67a5c55dde170964c7a14ceefec02f2cf0"},
    {file = "pyserial-3.5.tar.gz", hash = "sha256:3c77e014170dfffbd816e6ffc205e9842efb10be9f58ec16d3e8675b4925cddb"},
]

[package.extras]
cp2110 = ["hidapi"]

[[package]]
name = "python-dotenv"
version = "1.0.1"
description = "Read key-value pairs from a .env file and set them as environment variables"
optional = false
python-versions = ">=3.8"
files = [
    {file = "python-dotenv-1.0.1.tar.gz", hash = "sha256:e324ee90a023d808f1959c46bcbc04446a10ced277783dc6ee09987c37ec10ca"},
    {file = "python_dotenv-1.0.1-py3-none-any.whl", hash = "sha256:f7b63ef50f1b690dddf550d03497b66d609393b40b564ed0d674909a68ebf16a"},
]

[package.extras]
cli = ["click (>=5.0)"]

[metadata]
lock-version = "2.0"
python-versions = "^3.12"
content-hash = "684e4bd293f24164e15add6ce00c60ee5c43e171171a85e00ab2b3002d1cbff8"
